
Microsoft Visual Studio Solution File, Format Version 12.00
# Visual Studio 14
VisualStudioVersion = 14.0.23107.0
MinimumVisualStudioVersion = 10.0.40219.1
Project("{FAE04EC0-301F-11D3-BF4B-00C04F79EFBC}") = "KhajeNasirAccountingSystemReportClient", "KhajeNasirAccountingSystemReportClient\KhajeNasirAccountingSystemReportClient.csproj", "{575FE9BC-13CA-418C-BB39-0B70CF6E1B1B}"
EndProject
Global
	GlobalSection(SolutionConfigurationPlatforms) = preSolution
		Debug|Any CPU = Debug|Any CPU
		Release|Any CPU = Release|Any CPU
	EndGlobalSection
	GlobalSection(ProjectConfigurationPlatforms) = postSolution
		{575FE9BC-13CA-418C-BB39-0B70CF6E1B1B}.Debug|Any CPU.ActiveCfg = Debug|Any CPU
		{575FE9BC-13CA-418C-BB39-0B70CF6E1B1B}.Debug|Any CPU.Build.0 = Debug|Any CPU
		{575FE9BC-13CA-418C-BB39-0B70CF6E1B1B}.Release|Any CPU.ActiveCfg = Release|Any CPU
		{575FE9BC-13CA-418C-BB39-0B70CF6E1B1B}.Release|Any CPU.Build.0 = Release|Any CPU
	EndGlobalSection
	GlobalSection(SolutionProperties) = preSolution
		HideSolutionNode = FALSE
	EndGlobalSection
EndGlobal
